
Microsoft Visual Studio Solution File, Format Version 12.00
# Visual Studio Version 16
VisualStudioVersion = 16.0.30804.86
MinimumVisualStudioVersion = 10.0.40219.1
Project("{8BC9CEB8-8B4A-11D0-8D11-00A0C91BC942}") = "JrBoostModule", "JrBoostModule\JrBoostModule.vcxproj", "{6AFF45F6-CDA5-4746-B867-2618FEAE16B4}"
EndProject
Project("{8BC9CEB8-8B4A-11D0-8D11-00A0C91BC942}") = "JrBoostLib", "JrBoostLib\JrBoostLib.vcxproj", "{5E1798B2-CBDB-45A1-811A-884850C61C3C}"
EndProject
Project("{888888A0-9F3D-457C-B088-3A5042F75D52}") = "JrBoostTest", "JrBoostTest\JrBoostTest.pyproj", "{A9878DF3-E994-4B8F-87DE-D958D608316E}"
EndProject
Project("{2150E333-8FDC-42A3-9474-1A3956D46DE8}") = "Common", "Common", "{3566755E-CADA-4F8B-BFD5-2F163E88A934}"
	ProjectSection(SolutionItems) = preProject
		Common\AGRandom.h = Common\AGRandom.h
		Common\Assert.h = Common\Assert.h
		Common\ClockCycleCount.h = Common\ClockCycleCount.h
		Common\Common.h = Common\Common.h
		Common\FastAlgorithms.h = Common\FastAlgorithms.h
	EndProjectSection
EndProject
Project("{2150E333-8FDC-42A3-9474-1A3956D46DE8}") = "Solution Items", "Solution Items", "{E7537CA6-817B-42AE-95BE-7345836D8986}"
EndProject
Global
	GlobalSection(SolutionConfigurationPlatforms) = preSolution
		Debug|Any CPU = Debug|Any CPU
		Debug|x64 = Debug|x64
		Debug|x86 = Debug|x86
		Release|Any CPU = Release|Any CPU
		Release|x64 = Release|x64
		Release|x86 = Release|x86
	EndGlobalSection
	GlobalSection(ProjectConfigurationPlatforms) = postSolution
		{6AFF45F6-CDA5-4746-B867-2618FEAE16B4}.Debug|Any CPU.ActiveCfg = Debug|Win32
		{6AFF45F6-CDA5-4746-B867-2618FEAE16B4}.Debug|x64.ActiveCfg = Debug|x64
		{6AFF45F6-CDA5-4746-B867-2618FEAE16B4}.Debug|x64.Build.0 = Debug|x64
		{6AFF45F6-CDA5-4746-B867-2618FEAE16B4}.Debug|x86.ActiveCfg = Debug|Win32
		{6AFF45F6-CDA5-4746-B867-2618FEAE16B4}.Debug|x86.Build.0 = Debug|Win32
		{6AFF45F6-CDA5-4746-B867-2618FEAE16B4}.Release|Any CPU.ActiveCfg = Release|Win32
		{6AFF45F6-CDA5-4746-B867-2618FEAE16B4}.Release|x64.ActiveCfg = Release|x64
		{6AFF45F6-CDA5-4746-B867-2618FEAE16B4}.Release|x64.Build.0 = Release|x64
		{6AFF45F6-CDA5-4746-B867-2618FEAE16B4}.Release|x86.ActiveCfg = Release|Win32
		{6AFF45F6-CDA5-4746-B867-2618FEAE16B4}.Release|x86.Build.0 = Release|Win32
		{5E1798B2-CBDB-45A1-811A-884850C61C3C}.Debug|Any CPU.ActiveCfg = Debug|Win32
		{5E1798B2-CBDB-45A1-811A-884850C61C3C}.Debug|x64.ActiveCfg = Debug|x64
		{5E1798B2-CBDB-45A1-811A-884850C61C3C}.Debug|x64.Build.0 = Debug|x64
		{5E1798B2-CBDB-45A1-811A-884850C61C3C}.Debug|x86.ActiveCfg = Debug|Win32
		{5E1798B2-CBDB-45A1-811A-884850C61C3C}.Debug|x86.Build.0 = Debug|Win32
		{5E1798B2-CBDB-45A1-811A-884850C61C3C}.Release|Any CPU.ActiveCfg = Release|Win32
		{5E1798B2-CBDB-45A1-811A-884850C61C3C}.Release|x64.ActiveCfg = Release|x64
		{5E1798B2-CBDB-45A1-811A-884850C61C3C}.Release|x64.Build.0 = Release|x64
		{5E1798B2-CBDB-45A1-811A-884850C61C3C}.Release|x86.ActiveCfg = Release|Win32
		{5E1798B2-CBDB-45A1-811A-884850C61C3C}.Release|x86.Build.0 = Release|Win32
		{A9878DF3-E994-4B8F-87DE-D958D608316E}.Debug|Any CPU.ActiveCfg = Debug|Any CPU
		{A9878DF3-E994-4B8F-87DE-D958D608316E}.Debug|x64.ActiveCfg = Debug|Any CPU
		{A9878DF3-E994-4B8F-87DE-D958D608316E}.Debug|x86.ActiveCfg = Debug|Any CPU
		{A9878DF3-E994-4B8F-87DE-D958D608316E}.Release|Any CPU.ActiveCfg = Release|Any CPU
		{A9878DF3-E994-4B8F-87DE-D958D608316E}.Release|x64.ActiveCfg = Release|Any CPU
		{A9878DF3-E994-4B8F-87DE-D958D608316E}.Release|x86.ActiveCfg = Release|Any CPU
	EndGlobalSection
	GlobalSection(SolutionProperties) = preSolution
		HideSolutionNode = FALSE
	EndGlobalSection
	GlobalSection(ExtensibilityGlobals) = postSolution
		SolutionGuid = {B1D96605-E60B-47D3-87A4-5190D6AD3139}
	EndGlobalSection
EndGlobal
