<?xml version="1.0" encoding="utf-8"?>
<Project ToolsVersion="4.0" xmlns="http://schemas.microsoft.com/developer/msbuild/2003">
  <ItemGroup>
    <ClInclude Include="pch.h">
      <Filter>Precompiled Header</Filter>
    </ClInclude>
    <ClInclude Include="StubOptions.h">
      <Filter>Stub</Filter>
    </ClInclude>
    <ClInclude Include="StubTrainer.h">
      <Filter>Stub</Filter>
    </ClInclude>
    <ClInclude Include="AbstractTrainer.h">
      <Filter>Abstract</Filter>
    </ClInclude>
    <ClInclude Include="AbstractOptions.h">
      <Filter>Abstract</Filter>
    </ClInclude>
    <ClInclude Include="AbstractPredictor.h">
      <Filter>Abstract</Filter>
    </ClInclude>
    <ClInclude Include="StubPredictor.h">
      <Filter>Stub</Filter>
    </ClInclude>
    <ClInclude Include="RNE.h">
      <Filter>Tools</Filter>
    </ClInclude>
    <ClInclude Include="ClockCycleCount.h">
      <Filter>Tools</Filter>
    </ClInclude>
    <ClInclude Include="Algorithms.h">
      <Filter>Tools</Filter>
    </ClInclude>
    <ClInclude Include="Random.h">
      <Filter>Tools</Filter>
    </ClInclude>
  </ItemGroup>
  <ItemGroup>
    <ClCompile Include="pch.cpp">
      <Filter>Precompiled Header</Filter>
    </ClCompile>
    <ClCompile Include="StubTrainer.cpp">
      <Filter>Stub</Filter>
    </ClCompile>
    <ClCompile Include="StubOptions.cpp">
      <Filter>Stub</Filter>
    </ClCompile>
    <ClCompile Include="StubPredictor.cpp">
      <Filter>Stub</Filter>
    </ClCompile>
  </ItemGroup>
  <ItemGroup>
    <Filter Include="Precompiled Header">
      <UniqueIdentifier>{dbb42865-fbfd-4e86-b9db-2797caf3812d}</UniqueIdentifier>
    </Filter>
    <Filter Include="Abstract">
      <UniqueIdentifier>{0c6a9586-c3ad-4b15-9697-32ef37c9e0d7}</UniqueIdentifier>
    </Filter>
    <Filter Include="Stub">
      <UniqueIdentifier>{c32966fa-f91e-4f96-b08b-d46ebf66f227}</UniqueIdentifier>
    </Filter>
    <Filter Include="Tools">
      <UniqueIdentifier>{661a05a7-6430-42d5-8cd3-57a32216e5a8}</UniqueIdentifier>
    </Filter>
  </ItemGroup>
</Project>