<?xml version="1.0" encoding="utf-8"?>
<Project ToolsVersion="4.0" xmlns="http://schemas.microsoft.com/developer/msbuild/2003">
  <ItemGroup>
    <ClInclude Include="pch.h">
      <Filter>Precompiled Header</Filter>
    </ClInclude>
    <ClInclude Include="StumpOptions.h">
      <Filter>Stump</Filter>
    </ClInclude>
    <ClInclude Include="StumpPredictor.h">
      <Filter>Stump</Filter>
    </ClInclude>
    <ClInclude Include="BoostOptions.h">
      <Filter>Boost</Filter>
    </ClInclude>
    <ClInclude Include="StumpTrainer.h">
      <Filter>Stump</Filter>
    </ClInclude>
    <ClInclude Include="StumpTrainerShared.h">
      <Filter>Stump</Filter>
    </ClInclude>
    <ClInclude Include="StumpTrainerByThread.h">
      <Filter>Stump</Filter>
    </ClInclude>
    <ClInclude Include="BoostTrainer.h">
      <Filter>Boost</Filter>
    </ClInclude>
    <ClInclude Include="LinearCombinationPredictor.h">
      <Filter>Predictor</Filter>
    </ClInclude>
    <ClInclude Include="AbstractPredictor.h">
      <Filter>Predictor</Filter>
    </ClInclude>
    <ClInclude Include="TrivialPredictor.h">
      <Filter>Predictor</Filter>
    </ClInclude>
    <ClInclude Include="Util.h">
      <Filter>Util</Filter>
    </ClInclude>
  </ItemGroup>
  <ItemGroup>
    <ClCompile Include="pch.cpp">
      <Filter>Precompiled Header</Filter>
    </ClCompile>
    <ClCompile Include="StumpOptions.cpp">
      <Filter>Stump</Filter>
    </ClCompile>
    <ClCompile Include="StumpPredictor.cpp">
      <Filter>Stump</Filter>
    </ClCompile>
    <ClCompile Include="BoostOptions.cpp">
      <Filter>Boost</Filter>
    </ClCompile>
    <ClCompile Include="StumpTrainer.cpp">
      <Filter>Stump</Filter>
    </ClCompile>
    <ClCompile Include="StumpTrainerShared.cpp">
      <Filter>Stump</Filter>
    </ClCompile>
    <ClCompile Include="StumpTrainerByThread.cpp">
      <Filter>Stump</Filter>
    </ClCompile>
    <ClCompile Include="BoostTrainer.cpp">
      <Filter>Boost</Filter>
    </ClCompile>
    <ClCompile Include="LinearCombinationPredictor.cpp">
      <Filter>Predictor</Filter>
    </ClCompile>
    <ClCompile Include="Memory.cpp">
      <Filter>Util</Filter>
    </ClCompile>
  </ItemGroup>
  <ItemGroup>
    <Filter Include="Precompiled Header">
      <UniqueIdentifier>{dbb42865-fbfd-4e86-b9db-2797caf3812d}</UniqueIdentifier>
    </Filter>
    <Filter Include="Boost">
      <UniqueIdentifier>{218ce471-c2e9-439b-8a5e-6fad60ea77d1}</UniqueIdentifier>
    </Filter>
    <Filter Include="Stump">
      <UniqueIdentifier>{c32966fa-f91e-4f96-b08b-d46ebf66f227}</UniqueIdentifier>
    </Filter>
    <Filter Include="Predictor">
      <UniqueIdentifier>{0e4adbcd-62ea-4ea3-b2ed-62fcbf83d2bc}</UniqueIdentifier>
    </Filter>
    <Filter Include="Util">
      <UniqueIdentifier>{19bf0746-308c-4568-a7b1-0cffb93baf43}</UniqueIdentifier>
    </Filter>
  </ItemGroup>
</Project>