<?xml version="1.0" encoding="utf-8"?>
<Project ToolsVersion="4.0" xmlns="http://schemas.microsoft.com/developer/msbuild/2003">
  <ItemGroup>
    <ClInclude Include="StumpOptions.h">
      <Filter>Base Trainer</Filter>
    </ClInclude>
    <ClInclude Include="BoostOptions.h">
      <Filter>Trainer</Filter>
    </ClInclude>
    <ClInclude Include="BoostTrainer.h">
      <Filter>Trainer</Filter>
    </ClInclude>
    <ClInclude Include="StumpTrainerImpl.h">
      <Filter>Base Trainer</Filter>
    </ClInclude>
    <ClInclude Include="StumpTrainer.h">
      <Filter>Base Trainer</Filter>
    </ClInclude>
    <ClInclude Include="StaticStack.h">
      <Filter>Profiling</Filter>
    </ClInclude>
    <ClInclude Include="Profile.h">
      <Filter>Profiling</Filter>
    </ClInclude>
    <ClInclude Include="ClockCycleCount.h">
      <Filter>Profiling</Filter>
    </ClInclude>
    <ClInclude Include="Clock.h">
      <Filter>Profiling</Filter>
    </ClInclude>
    <ClInclude Include="AGRandom.h">
      <Filter>Tools</Filter>
    </ClInclude>
    <ClInclude Include="BernoulliDistribution.h">
      <Filter>Tools</Filter>
    </ClInclude>
    <ClInclude Include="pch.h" />
    <ClInclude Include="SortedIndices.h">
      <Filter>Tools</Filter>
    </ClInclude>
    <ClInclude Include="pdqsort.h">
      <Filter>Tools</Filter>
    </ClInclude>
    <ClInclude Include="InterruptHandler.h">
      <Filter>Tools</Filter>
    </ClInclude>
    <ClInclude Include="FastMath.h">
      <Filter>Tools</Filter>
    </ClInclude>
    <ClInclude Include="Predictor.h">
      <Filter>Predictor</Filter>
    </ClInclude>
    <ClInclude Include="EnsemblePredictor.h">
      <Filter>Predictor</Filter>
    </ClInclude>
    <ClInclude Include="BoostPredictor.h">
      <Filter>Predictor</Filter>
    </ClInclude>
    <ClInclude Include="BasePredictor.h">
      <Filter>Base Predictor</Filter>
    </ClInclude>
    <ClInclude Include="StumpPredictor.h">
      <Filter>Base Predictor</Filter>
    </ClInclude>
    <ClInclude Include="TrivialPredictor.h">
      <Filter>Base Predictor</Filter>
    </ClInclude>
    <ClInclude Include="Loss.h">
      <Filter>Extra</Filter>
    </ClInclude>
    <ClInclude Include="TTest.h">
      <Filter>Extra</Filter>
    </ClInclude>
    <ClInclude Include="Assert.h">
      <Filter>Tools</Filter>
    </ClInclude>
    <ClInclude Include="ParallelTrain.h">
      <Filter>Trainer</Filter>
    </ClInclude>
    <ClInclude Include="FTest.h">
      <Filter>Extra</Filter>
    </ClInclude>
    <ClInclude Include="TreeTrainerImpl.h">
      <Filter>Base Trainer</Filter>
    </ClInclude>
    <ClInclude Include="TreeTrainer.h">
      <Filter>Base Trainer</Filter>
    </ClInclude>
    <ClInclude Include="TreePredictor.h">
      <Filter>Base Predictor</Filter>
    </ClInclude>
    <ClInclude Include="NodeBuilder.h">
      <Filter>Base Trainer</Filter>
    </ClInclude>
  </ItemGroup>
  <ItemGroup>
    <ClCompile Include="StumpOptions.cpp">
      <Filter>Base Trainer</Filter>
    </ClCompile>
    <ClCompile Include="BoostOptions.cpp">
      <Filter>Trainer</Filter>
    </ClCompile>
    <ClCompile Include="BoostTrainer.cpp">
      <Filter>Trainer</Filter>
    </ClCompile>
    <ClCompile Include="StumpTrainerImpl.cpp">
      <Filter>Base Trainer</Filter>
    </ClCompile>
    <ClCompile Include="StumpTrainer.cpp">
      <Filter>Base Trainer</Filter>
    </ClCompile>
    <ClCompile Include="Profile.cpp">
      <Filter>Profiling</Filter>
    </ClCompile>
    <ClCompile Include="pch.cpp" />
    <ClCompile Include="BoostPredictor.cpp">
      <Filter>Predictor</Filter>
    </ClCompile>
    <ClCompile Include="StumpPredictor.cpp">
      <Filter>Base Predictor</Filter>
    </ClCompile>
    <ClCompile Include="BasePredictor.cpp">
      <Filter>Base Predictor</Filter>
    </ClCompile>
    <ClCompile Include="Predictor.cpp">
      <Filter>Predictor</Filter>
    </ClCompile>
    <ClCompile Include="EnsemblePredictor.cpp">
      <Filter>Predictor</Filter>
    </ClCompile>
    <ClCompile Include="TrivialPredictor.cpp">
      <Filter>Base Predictor</Filter>
    </ClCompile>
    <ClCompile Include="TTest.cpp">
      <Filter>Extra</Filter>
    </ClCompile>
    <ClCompile Include="ParallelTrain.cpp">
      <Filter>Trainer</Filter>
    </ClCompile>
    <ClCompile Include="FTest.cpp">
      <Filter>Extra</Filter>
    </ClCompile>
    <ClCompile Include="TreeTrainerImpl.cpp">
      <Filter>Base Trainer</Filter>
    </ClCompile>
    <ClCompile Include="TreeTrainer.cpp">
      <Filter>Base Trainer</Filter>
    </ClCompile>
    <ClCompile Include="TreePredictor.cpp">
      <Filter>Base Predictor</Filter>
    </ClCompile>
    <ClCompile Include="NodeBuilder.cpp">
      <Filter>Base Trainer</Filter>
    </ClCompile>
  </ItemGroup>
  <ItemGroup>
    <Filter Include="Profiling">
      <UniqueIdentifier>{38894b7f-b7b2-4b23-af46-d84a3e8b9ad4}</UniqueIdentifier>
    </Filter>
    <Filter Include="Tools">
      <UniqueIdentifier>{f432c030-76cd-4de4-a5bc-57c4014bf5e6}</UniqueIdentifier>
    </Filter>
    <Filter Include="Predictor">
      <UniqueIdentifier>{9affb562-15ae-49f3-856a-b1e15900e016}</UniqueIdentifier>
    </Filter>
    <Filter Include="Base Predictor">
      <UniqueIdentifier>{536b7ec8-af35-494d-8758-3d38d0865ae1}</UniqueIdentifier>
    </Filter>
    <Filter Include="Base Trainer">
      <UniqueIdentifier>{c32966fa-f91e-4f96-b08b-d46ebf66f227}</UniqueIdentifier>
    </Filter>
    <Filter Include="Trainer">
      <UniqueIdentifier>{218ce471-c2e9-439b-8a5e-6fad60ea77d1}</UniqueIdentifier>
    </Filter>
    <Filter Include="Extra">
      <UniqueIdentifier>{97603f67-39e7-4923-a9e9-687d8efcbab7}</UniqueIdentifier>
    </Filter>
  </ItemGroup>
</Project>