<?xml version="1.0" encoding="utf-8"?>
<Project ToolsVersion="4.0" xmlns="http://schemas.microsoft.com/developer/msbuild/2003">
  <ItemGroup>
    <ClInclude Include="StaticStack.h">
      <Filter>Profiling</Filter>
    </ClInclude>
    <ClInclude Include="Profile.h">
      <Filter>Profiling</Filter>
    </ClInclude>
    <ClInclude Include="Clock.h">
      <Filter>Profiling</Filter>
    </ClInclude>
    <ClInclude Include="BernoulliDistribution.h">
      <Filter>Tools</Filter>
    </ClInclude>
    <ClInclude Include="pch.h" />
    <ClInclude Include="Predictor.h">
      <Filter>Predictor</Filter>
    </ClInclude>
    <ClInclude Include="BasePredictor.h">
      <Filter>Base Predictor</Filter>
    </ClInclude>
    <ClInclude Include="Loss.h">
      <Filter>Extra</Filter>
    </ClInclude>
    <ClInclude Include="TTest.h">
      <Filter>Extra</Filter>
    </ClInclude>
    <ClInclude Include="FTest.h">
      <Filter>Extra</Filter>
    </ClInclude>
    <ClInclude Include="Tree.h">
      <Filter>Base Predictor</Filter>
    </ClInclude>
    <ClInclude Include="ExceptionSafeOmp.h">
      <Filter>Tools</Filter>
    </ClInclude>
    <ClInclude Include="FastExp.h">
      <Filter>Tools</Filter>
    </ClInclude>
    <ClInclude Include="Base128Encoding.h">
      <Filter>Tools</Filter>
    </ClInclude>
    <ClInclude Include="Tools.h">
      <Filter>Tools</Filter>
    </ClInclude>
    <ClInclude Include="TreeNodeTrainer.h">
      <Filter>Base Predictor</Filter>
    </ClInclude>
    <ClInclude Include="TreeTrainerImpl.h">
      <Filter>Base Predictor</Filter>
    </ClInclude>
    <ClInclude Include="TreeTrainer.h">
      <Filter>Base Predictor</Filter>
    </ClInclude>
    <ClInclude Include="BoostTrainer.h">
      <Filter>Predictor</Filter>
    </ClInclude>
    <ClInclude Include="ParallelTrain.h">
      <Filter>Predictor</Filter>
    </ClInclude>
    <ClInclude Include="Globals.h" />
    <ClInclude Include="BaseOptions.h">
      <Filter>Base Predictor</Filter>
    </ClInclude>
    <ClInclude Include="BoostOptions.h">
      <Filter>Predictor</Filter>
    </ClInclude>
    <ClInclude Include="TreeTrainerBuffers.h">
      <Filter>Base Predictor</Filter>
    </ClInclude>
  </ItemGroup>
  <ItemGroup>
    <ClCompile Include="Profile.cpp">
      <Filter>Profiling</Filter>
    </ClCompile>
    <ClCompile Include="pch.cpp" />
    <ClCompile Include="BasePredictor.cpp">
      <Filter>Base Predictor</Filter>
    </ClCompile>
    <ClCompile Include="Predictor.cpp">
      <Filter>Predictor</Filter>
    </ClCompile>
    <ClCompile Include="TTest.cpp">
      <Filter>Extra</Filter>
    </ClCompile>
    <ClCompile Include="FTest.cpp">
      <Filter>Extra</Filter>
    </ClCompile>
    <ClCompile Include="Tree.cpp">
      <Filter>Base Predictor</Filter>
    </ClCompile>
    <ClCompile Include="TreeNodeTrainer.cpp">
      <Filter>Base Predictor</Filter>
    </ClCompile>
    <ClCompile Include="TreeTrainerImpl.cpp">
      <Filter>Base Predictor</Filter>
    </ClCompile>
    <ClCompile Include="BoostTrainer.cpp">
      <Filter>Predictor</Filter>
    </ClCompile>
    <ClCompile Include="ParallelTrain.cpp">
      <Filter>Predictor</Filter>
    </ClCompile>
    <ClCompile Include="BaseOptions.cpp">
      <Filter>Base Predictor</Filter>
    </ClCompile>
    <ClCompile Include="BoostOptions.cpp">
      <Filter>Predictor</Filter>
    </ClCompile>
    <ClCompile Include="TreeTrainerBuffers.cpp">
      <Filter>Base Predictor</Filter>
    </ClCompile>
    <ClCompile Include="TreeTrainer.cpp">
      <Filter>Base Predictor</Filter>
    </ClCompile>
    <ClCompile Include="Loss.cpp">
      <Filter>Extra</Filter>
    </ClCompile>
  </ItemGroup>
  <ItemGroup>
    <Filter Include="Profiling">
      <UniqueIdentifier>{38894b7f-b7b2-4b23-af46-d84a3e8b9ad4}</UniqueIdentifier>
    </Filter>
    <Filter Include="Tools">
      <UniqueIdentifier>{f432c030-76cd-4de4-a5bc-57c4014bf5e6}</UniqueIdentifier>
    </Filter>
    <Filter Include="Predictor">
      <UniqueIdentifier>{9affb562-15ae-49f3-856a-b1e15900e016}</UniqueIdentifier>
    </Filter>
    <Filter Include="Base Predictor">
      <UniqueIdentifier>{536b7ec8-af35-494d-8758-3d38d0865ae1}</UniqueIdentifier>
    </Filter>
    <Filter Include="Extra">
      <UniqueIdentifier>{97603f67-39e7-4923-a9e9-687d8efcbab7}</UniqueIdentifier>
    </Filter>
  </ItemGroup>
</Project>