<?xml version="1.0" encoding="utf-8"?>
<Project ToolsVersion="4.0" xmlns="http://schemas.microsoft.com/developer/msbuild/2003">
  <ItemGroup>
    <ClInclude Include="pch.h" />
    <ClInclude Include="AGRandom.h" />
    <ClInclude Include="Assert.h" />
    <ClInclude Include="Util.h" />
    <ClInclude Include="Clock.h">
      <Filter>Profiling</Filter>
    </ClInclude>
    <ClInclude Include="Profile.h">
      <Filter>Profiling</Filter>
    </ClInclude>
    <ClInclude Include="StaticStack.h">
      <Filter>Profiling</Filter>
    </ClInclude>
    <ClInclude Include="ClockCycleCount.h">
      <Filter>Profiling</Filter>
    </ClInclude>
    <ClInclude Include="BernoulliDistribution.h" />
    <ClInclude Include="Loss.h" />
  </ItemGroup>
  <ItemGroup>
    <ClCompile Include="pch.cpp" />
    <ClCompile Include="Memory.cpp">
      <Filter>Profiling</Filter>
    </ClCompile>
    <ClCompile Include="Profile.cpp">
      <Filter>Profiling</Filter>
    </ClCompile>
  </ItemGroup>
  <ItemGroup>
    <Filter Include="Profiling">
      <UniqueIdentifier>{89f96042-f139-4a37-b3d4-473c68e30f33}</UniqueIdentifier>
    </Filter>
  </ItemGroup>
</Project>